
Microsoft Visual Studio Solution File, Format Version 12.00
# Visual Studio Express 2012 for Web
Project("{E24C65DC-7377-472B-9ABA-BC803B73C61A}") = "6K185_Big", ".", "{05FF702F-86DB-4C3B-805F-7C1EA36DE2CD}"
	ProjectSection(WebsiteProperties) = preProject
		TargetFrameworkMoniker = ".NETFramework,Version%3Dv4.0"
		Debug.AspNetCompiler.VirtualPath = "/6K185_Big"
		Debug.AspNetCompiler.PhysicalPath = "..\..\..\..\Desktop\Capstone-Project\6K185_Big\"
		Debug.AspNetCompiler.TargetPath = "PrecompiledWeb\6K185_Big\"
		Debug.AspNetCompiler.Updateable = "true"
		Debug.AspNetCompiler.ForceOverwrite = "true"
		Debug.AspNetCompiler.FixedNames = "false"
		Debug.AspNetCompiler.Debug = "True"
		Release.AspNetCompiler.VirtualPath = "/6K185_Big"
		Release.AspNetCompiler.PhysicalPath = "..\..\..\..\Desktop\Capstone-Project\6K185_Big\"
		Release.AspNetCompiler.TargetPath = "PrecompiledWeb\6K185_Big\"
		Release.AspNetCompiler.Updateable = "true"
		Release.AspNetCompiler.ForceOverwrite = "true"
		Release.AspNetCompiler.FixedNames = "false"
		Release.AspNetCompiler.Debug = "False"
		VWDPort = "53857"
	EndProjectSection
EndProject
Global
	GlobalSection(SolutionConfigurationPlatforms) = preSolution
		Debug|Any CPU = Debug|Any CPU
	EndGlobalSection
	GlobalSection(ProjectConfigurationPlatforms) = postSolution
		{05FF702F-86DB-4C3B-805F-7C1EA36DE2CD}.Debug|Any CPU.ActiveCfg = Debug|Any CPU
		{05FF702F-86DB-4C3B-805F-7C1EA36DE2CD}.Debug|Any CPU.Build.0 = Debug|Any CPU
	EndGlobalSection
	GlobalSection(SolutionProperties) = preSolution
		HideSolutionNode = FALSE
	EndGlobalSection
EndGlobal
